
Microsoft Visual Studio Solution File, Format Version 12.00
# Visual Studio Version 17
VisualStudioVersion = 17.13.35931.197 d17.13
MinimumVisualStudioVersion = 10.0.40219.1
Project("{FAE04EC0-301F-11D3-BF4B-00C04F79EFBC}") = "Project", "Project.csproj", "{896F6A0A-0F64-4299-AF7B-CA8EB1FF7B58}"
EndProject
Project("{FAE04EC0-301F-11D3-BF4B-00C04F79EFBC}") = "Project.Tests", "..\Project.Tests\Project.Tests.csproj", "{12791AEF-4923-432F-BD2B-8B5D27A3EC1F}"
EndProject
Global
	GlobalSection(SolutionConfigurationPlatforms) = preSolution
		Debug|Any CPU = Debug|Any CPU
		Release|Any CPU = Release|Any CPU
	EndGlobalSection
	GlobalSection(ProjectConfigurationPlatforms) = postSolution
		{896F6A0A-0F64-4299-AF7B-CA8EB1FF7B58}.Debug|Any CPU.ActiveCfg = Debug|Any CPU
		{896F6A0A-0F64-4299-AF7B-CA8EB1FF7B58}.Debug|Any CPU.Build.0 = Debug|Any CPU
		{896F6A0A-0F64-4299-AF7B-CA8EB1FF7B58}.Release|Any CPU.ActiveCfg = Release|Any CPU
		{896F6A0A-0F64-4299-AF7B-CA8EB1FF7B58}.Release|Any CPU.Build.0 = Release|Any CPU
		{12791AEF-4923-432F-BD2B-8B5D27A3EC1F}.Debug|Any CPU.ActiveCfg = Debug|Any CPU
		{12791AEF-4923-432F-BD2B-8B5D27A3EC1F}.Debug|Any CPU.Build.0 = Debug|Any CPU
		{12791AEF-4923-432F-BD2B-8B5D27A3EC1F}.Release|Any CPU.ActiveCfg = Release|Any CPU
		{12791AEF-4923-432F-BD2B-8B5D27A3EC1F}.Release|Any CPU.Build.0 = Release|Any CPU
	EndGlobalSection
	GlobalSection(SolutionProperties) = preSolution
		HideSolutionNode = FALSE
	EndGlobalSection
	GlobalSection(ExtensibilityGlobals) = postSolution
		SolutionGuid = {0C877A1B-AAFD-4321-B207-66DC76024651}
	EndGlobalSection
EndGlobal
